
Microsoft Visual Studio Solution File, Format Version 12.00
# Visual Studio Version 17
VisualStudioVersion = 17.14.36221.1 d17.14
MinimumVisualStudioVersion = 10.0.40219.1
Project("{FAE04EC0-301F-11D3-BF4B-00C04F79EFBC}") = "CAMAJALAN_ACTIVTY1", "CAMAJALAN_ACTIVTY1\CAMAJALAN_ACTIVTY1.csproj", "{CFD0CA59-1ECC-4168-976D-62FF52863932}"
EndProject
Global
	GlobalSection(SolutionConfigurationPlatforms) = preSolution
		Debug|Any CPU = Debug|Any CPU
		Release|Any CPU = Release|Any CPU
	EndGlobalSection
	GlobalSection(ProjectConfigurationPlatforms) = postSolution
		{CFD0CA59-1ECC-4168-976D-62FF52863932}.Debug|Any CPU.ActiveCfg = Debug|Any CPU
		{CFD0CA59-1ECC-4168-976D-62FF52863932}.Debug|Any CPU.Build.0 = Debug|Any CPU
		{CFD0CA59-1ECC-4168-976D-62FF52863932}.Release|Any CPU.ActiveCfg = Release|Any CPU
		{CFD0CA59-1ECC-4168-976D-62FF52863932}.Release|Any CPU.Build.0 = Release|Any CPU
	EndGlobalSection
	GlobalSection(SolutionProperties) = preSolution
		HideSolutionNode = FALSE
	EndGlobalSection
	GlobalSection(ExtensibilityGlobals) = postSolution
		SolutionGuid = {2DD56B59-BDF0-4FBD-BB90-417E250D14F4}
	EndGlobalSection
EndGlobal
